
Microsoft Visual Studio Solution File, Format Version 12.00
# Visual Studio Version 18
VisualStudioVersion = 18.3.11206.111
MinimumVisualStudioVersion = 10.0.40219.1
Project("{FAE04EC0-301F-11D3-BF4B-00C04F79EFBC}") = "Finnova.Core", "src\Finnova.Core\Finnova.Core.csproj", "{D6A48ADC-0CC9-4556-8C71-E95A478AAABA}"
EndProject
Project("{FAE04EC0-301F-11D3-BF4B-00C04F79EFBC}") = "Finnova.Data", "src\Finnova.Data\Finnova.Data.csproj", "{F96795A1-B1F7-4160-83FE-2521AB2561EF}"
EndProject
Project("{FAE04EC0-301F-11D3-BF4B-00C04F79EFBC}") = "FinnovaDesktopUI", "src\Finnova.Desktop\FinnovaDesktopUI.csproj", "{BD2130F0-459E-5C38-9D54-2A3D0692122A}"
EndProject
Project("{FAE04EC0-301F-11D3-BF4B-00C04F79EFBC}") = "FinnovaWebApplication", "src\Finnova.Web\FinnovaWebApplication.csproj", "{03B7F97E-5307-DAF4-851C-4C5970BDDE92}"
EndProject
Global
	GlobalSection(SolutionConfigurationPlatforms) = preSolution
		Debug|Any CPU = Debug|Any CPU
		Release|Any CPU = Release|Any CPU
	EndGlobalSection
	GlobalSection(ProjectConfigurationPlatforms) = postSolution
		{D6A48ADC-0CC9-4556-8C71-E95A478AAABA}.Debug|Any CPU.ActiveCfg = Debug|Any CPU
		{D6A48ADC-0CC9-4556-8C71-E95A478AAABA}.Debug|Any CPU.Build.0 = Debug|Any CPU
		{D6A48ADC-0CC9-4556-8C71-E95A478AAABA}.Release|Any CPU.ActiveCfg = Release|Any CPU
		{D6A48ADC-0CC9-4556-8C71-E95A478AAABA}.Release|Any CPU.Build.0 = Release|Any CPU
		{F96795A1-B1F7-4160-83FE-2521AB2561EF}.Debug|Any CPU.ActiveCfg = Debug|Any CPU
		{F96795A1-B1F7-4160-83FE-2521AB2561EF}.Debug|Any CPU.Build.0 = Debug|Any CPU
		{F96795A1-B1F7-4160-83FE-2521AB2561EF}.Release|Any CPU.ActiveCfg = Release|Any CPU
		{F96795A1-B1F7-4160-83FE-2521AB2561EF}.Release|Any CPU.Build.0 = Release|Any CPU
		{BD2130F0-459E-5C38-9D54-2A3D0692122A}.Debug|Any CPU.ActiveCfg = Debug|Any CPU
		{BD2130F0-459E-5C38-9D54-2A3D0692122A}.Debug|Any CPU.Build.0 = Debug|Any CPU
		{BD2130F0-459E-5C38-9D54-2A3D0692122A}.Release|Any CPU.ActiveCfg = Release|Any CPU
		{BD2130F0-459E-5C38-9D54-2A3D0692122A}.Release|Any CPU.Build.0 = Release|Any CPU
		{03B7F97E-5307-DAF4-851C-4C5970BDDE92}.Debug|Any CPU.ActiveCfg = Debug|Any CPU
		{03B7F97E-5307-DAF4-851C-4C5970BDDE92}.Debug|Any CPU.Build.0 = Debug|Any CPU
		{03B7F97E-5307-DAF4-851C-4C5970BDDE92}.Release|Any CPU.ActiveCfg = Release|Any CPU
		{03B7F97E-5307-DAF4-851C-4C5970BDDE92}.Release|Any CPU.Build.0 = Release|Any CPU
	EndGlobalSection
	GlobalSection(SolutionProperties) = preSolution
		HideSolutionNode = FALSE
	EndGlobalSection
	GlobalSection(ExtensibilityGlobals) = postSolution
		SolutionGuid = {D2B3EB41-1891-4A46-9867-6AE82420DE2B}
	EndGlobalSection
EndGlobal
